// !$*UTF8*$!
{
	archiveVersion = 1;
	classes = {
	};
	objectVersion = 46;
	objects = {

/* Begin PBXBuildFile section */
		2A25DE491A6E670400AECFF5 /* AppDelegate.swift in Sources */ = {isa = PBXBuildFile; fileRef = 2A25DE481A6E670400AECFF5 /* AppDelegate.swift */; };
		2A25DE4C1A6E670400AECFF5 /* BeaconTest.xcdatamodeld in Sources */ = {isa = PBXBuildFile; fileRef = 2A25DE4A1A6E670400AECFF5 /* BeaconTest.xcdatamodeld */; };
		2A25DE4E1A6E670400AECFF5 /* HomeController.swift in Sources */ = {isa = PBXBuildFile; fileRef = 2A25DE4D1A6E670400AECFF5 /* HomeController.swift */; };
		2A25DE511A6E670400AECFF5 /* Main.storyboard in Resources */ = {isa = PBXBuildFile; fileRef = 2A25DE4F1A6E670400AECFF5 /* Main.storyboard */; };
		2A25DE531A6E670400AECFF5 /* Images.xcassets in Resources */ = {isa = PBXBuildFile; fileRef = 2A25DE521A6E670400AECFF5 /* Images.xcassets */; };
		2A25DE561A6E670400AECFF5 /* LaunchScreen.xib in Resources */ = {isa = PBXBuildFile; fileRef = 2A25DE541A6E670400AECFF5 /* LaunchScreen.xib */; };
		2A25DE621A6E670500AECFF5 /* BeaconTestTests.swift in Sources */ = {isa = PBXBuildFile; fileRef = 2A25DE611A6E670500AECFF5 /* BeaconTestTests.swift */; };
		2A25DE6C1A6E691200AECFF5 /* CoreBluetooth.framework in Frameworks */ = {isa = PBXBuildFile; fileRef = 2A25DE6B1A6E691200AECFF5 /* CoreBluetooth.framework */; };
		2A25DE6E1A6E6A9300AECFF5 /* CoreLocation.framework in Frameworks */ = {isa = PBXBuildFile; fileRef = 2A25DE6D1A6E6A9300AECFF5 /* CoreLocation.framework */; };
		2A25DE701A6FB50500AECFF5 /* MonitorController.swift in Sources */ = {isa = PBXBuildFile; fileRef = 2A25DE6F1A6FB50500AECFF5 /* MonitorController.swift */; };
/* End PBXBuildFile section */

/* Begin PBXContainerItemProxy section */
		2A25DE5C1A6E670500AECFF5 /* PBXContainerItemProxy */ = {
			isa = PBXContainerItemProxy;
			containerPortal = 2A25DE3B1A6E670400AECFF5 /* Project object */;
			proxyType = 1;
			remoteGlobalIDString = 2A25DE421A6E670400AECFF5;
			remoteInfo = BeaconTest;
		};
/* End PBXContainerItemProxy section */

/* Begin PBXFileReference section */
		2A25DE431A6E670400AECFF5 /* BeaconTest.app */ = {isa = PBXFileReference; explicitFileType = wrapper.application; includeInIndex = 0; path = BeaconTest.app; sourceTree = BUILT_PRODUCTS_DIR; };
		2A25DE471A6E670400AECFF5 /* Info.plist */ = {isa = PBXFileReference; lastKnownFileType = text.plist.xml; path = Info.plist; sourceTree = "<group>"; };
		2A25DE481A6E670400AECFF5 /* AppDelegate.swift */ = {isa = PBXFileReference; lastKnownFileType = sourcecode.swift; path = AppDelegate.swift; sourceTree = "<group>"; };
		2A25DE4B1A6E670400AECFF5 /* BeaconTest.xcdatamodel */ = {isa = PBXFileReference; lastKnownFileType = wrapper.xcdatamodel; path = BeaconTest.xcdatamodel; sourceTree = "<group>"; };
		2A25DE4D1A6E670400AECFF5 /* HomeController.swift */ = {isa = PBXFileReference; lastKnownFileType = sourcecode.swift; path = HomeController.swift; sourceTree = "<group>"; };
		2A25DE501A6E670400AECFF5 /* Base */ = {isa = PBXFileReference; lastKnownFileType = file.storyboard; name = Base; path = Base.lproj/Main.storyboard; sourceTree = "<group>"; };
		2A25DE521A6E670400AECFF5 /* Images.xcassets */ = {isa = PBXFileReference; lastKnownFileType = folder.assetcatalog; path = Images.xcassets; sourceTree = "<group>"; };
		2A25DE551A6E670400AECFF5 /* Base */ = {isa = PBXFileReference; lastKnownFileType = file.xib; name = Base; path = Base.lproj/LaunchScreen.xib; sourceTree = "<group>"; };
		2A25DE5B1A6E670500AECFF5 /* BeaconTestTests.xctest */ = {isa = PBXFileReference; explicitFileType = wrapper.cfbundle; includeInIndex = 0; path = BeaconTestTests.xctest; sourceTree = BUILT_PRODUCTS_DIR; };
		2A25DE601A6E670500AECFF5 /* Info.plist */ = {isa = PBXFileReference; lastKnownFileType = text.plist.xml; path = Info.plist; sourceTree = "<group>"; };
		2A25DE611A6E670500AECFF5 /* BeaconTestTests.swift */ = {isa = PBXFileReference; lastKnownFileType = sourcecode.swift; path = BeaconTestTests.swift; sourceTree = "<group>"; };
		2A25DE6B1A6E691200AECFF5 /* CoreBluetooth.framework */ = {isa = PBXFileReference; lastKnownFileType = wrapper.framework; name = CoreBluetooth.framework; path = System/Library/Frameworks/CoreBluetooth.framework; sourceTree = SDKROOT; };
		2A25DE6D1A6E6A9300AECFF5 /* CoreLocation.framework */ = {isa = PBXFileReference; lastKnownFileType = wrapper.framework; name = CoreLocation.framework; path = System/Library/Frameworks/CoreLocation.framework; sourceTree = SDKROOT; };
		2A25DE6F1A6FB50500AECFF5 /* MonitorController.swift */ = {isa = PBXFileReference; fileEncoding = 4; lastKnownFileType = sourcecode.swift; path = MonitorController.swift; sourceTree = "<group>"; };
/* End PBXFileReference section */

/* Begin PBXFrameworksBuildPhase section */
		2A25DE401A6E670400AECFF5 /* Frameworks */ = {
			isa = PBXFrameworksBuildPhase;
			buildActionMask = 2147483647;
			files = (
				2A25DE6E1A6E6A9300AECFF5 /* CoreLocation.framework in Frameworks */,
				2A25DE6C1A6E691200AECFF5 /* CoreBluetooth.framework in Frameworks */,
			);
			runOnlyForDeploymentPostprocessing = 0;
		};
		2A25DE581A6E670500AECFF5 /* Frameworks */ = {
			isa = PBXFrameworksBuildPhase;
			buildActionMask = 2147483647;
			files = (
			);
			runOnlyForDeploymentPostprocessing = 0;
		};
/* End PBXFrameworksBuildPhase section */

/* Begin PBXGroup section */
		2A25DE3A1A6E670400AECFF5 = {
			isa = PBXGroup;
			children = (
				2A25DE6D1A6E6A9300AECFF5 /* CoreLocation.framework */,
				2A25DE6B1A6E691200AECFF5 /* CoreBluetooth.framework */,
				2A25DE451A6E670400AECFF5 /* BeaconTest */,
				2A25DE5E1A6E670500AECFF5 /* BeaconTestTests */,
				2A25DE441A6E670400AECFF5 /* Products */,
			);
			sourceTree = "<group>";
		};
		2A25DE441A6E670400AECFF5 /* Products */ = {
			isa = PBXGroup;
			children = (
				2A25DE431A6E670400AECFF5 /* BeaconTest.app */,
				2A25DE5B1A6E670500AECFF5 /* BeaconTestTests.xctest */,
			);
			name = Products;
			sourceTree = "<group>";
		};
		2A25DE451A6E670400AECFF5 /* BeaconTest */ = {
			isa = PBXGroup;
			children = (
				2A25DE481A6E670400AECFF5 /* AppDelegate.swift */,
				2A25DE4D1A6E670400AECFF5 /* HomeController.swift */,
				2A25DE4F1A6E670400AECFF5 /* Main.storyboard */,
				2A25DE521A6E670400AECFF5 /* Images.xcassets */,
				2A25DE541A6E670400AECFF5 /* LaunchScreen.xib */,
				2A25DE4A1A6E670400AECFF5 /* BeaconTest.xcdatamodeld */,
				2A25DE461A6E670400AECFF5 /* Supporting Files */,
				2A25DE6F1A6FB50500AECFF5 /* MonitorController.swift */,
			);
			path = BeaconTest;
			sourceTree = "<group>";
		};
		2A25DE461A6E670400AECFF5 /* Supporting Files */ = {
			isa = PBXGroup;
			children = (
				2A25DE471A6E670400AECFF5 /* Info.plist */,
			);
			name = "Supporting Files";
			sourceTree = "<group>";
		};
		2A25DE5E1A6E670500AECFF5 /* BeaconTestTests */ = {
			isa = PBXGroup;
			children = (
				2A25DE611A6E670500AECFF5 /* BeaconTestTests.swift */,
				2A25DE5F1A6E670500AECFF5 /* Supporting Files */,
			);
			path = BeaconTestTests;
			sourceTree = "<group>";
		};
		2A25DE5F1A6E670500AECFF5 /* Supporting Files */ = {
			isa = PBXGroup;
			children = (
				2A25DE601A6E670500AECFF5 /* Info.plist */,
			);
			name = "Supporting Files";
			sourceTree = "<group>";
		};
/* End PBXGroup section */

/* Begin PBXNativeTarget section */
		2A25DE421A6E670400AECFF5 /* BeaconTest */ = {
			isa = PBXNativeTarget;
			buildConfigurationList = 2A25DE651A6E670500AECFF5 /* Build configuration list for PBXNativeTarget "BeaconTest" */;
			buildPhases = (
				2A25DE3F1A6E670400AECFF5 /* Sources */,
				2A25DE401A6E670400AECFF5 /* Frameworks */,
				2A25DE411A6E670400AECFF5 /* Resources */,
			);
			buildRules = (
			);
			dependencies = (
			);
			name = BeaconTest;
			productName = BeaconTest;
			productReference = 2A25DE431A6E670400AECFF5 /* BeaconTest.app */;
			productType = "com.apple.product-type.application";
		};
		2A25DE5A1A6E670500AECFF5 /* BeaconTestTests */ = {
			isa = PBXNativeTarget;
			buildConfigurationList = 2A25DE681A6E670500AECFF5 /* Build configuration list for PBXNativeTarget "BeaconTestTests" */;
			buildPhases = (
				2A25DE571A6E670500AECFF5 /* Sources */,
				2A25DE581A6E670500AECFF5 /* Frameworks */,
				2A25DE591A6E670500AECFF5 /* Resources */,
			);
			buildRules = (
			);
			dependencies = (
				2A25DE5D1A6E670500AECFF5 /* PBXTargetDependency */,
			);
			name = BeaconTestTests;
			productName = BeaconTestTests;
			productReference = 2A25DE5B1A6E670500AECFF5 /* BeaconTestTests.xctest */;
			productType = "com.apple.product-type.bundle.unit-test";
		};
/* End PBXNativeTarget section */

/* Begin PBXProject section */
		2A25DE3B1A6E670400AECFF5 /* Project object */ = {
			isa = PBXProject;
			attributes = {
				LastUpgradeCheck = 0610;
				ORGANIZATIONNAME = "University of South Wales";
				TargetAttributes = {
					2A25DE421A6E670400AECFF5 = {
						CreatedOnToolsVersion = 6.1.1;
					};
					2A25DE5A1A6E670500AECFF5 = {
						CreatedOnToolsVersion = 6.1.1;
						TestTargetID = 2A25DE421A6E670400AECFF5;
					};
				};
			};
			buildConfigurationList = 2A25DE3E1A6E670400AECFF5 /* Build configuration list for PBXProject "BeaconTest" */;
			compatibilityVersion = "Xcode 3.2";
			developmentRegion = English;
			hasScannedForEncodings = 0;
			knownRegions = (
				en,
				Base,
			);
			mainGroup = 2A25DE3A1A6E670400AECFF5;
			productRefGroup = 2A25DE441A6E670400AECFF5 /* Products */;
			projectDirPath = "";
			projectRoot = "";
			targets = (
				2A25DE421A6E670400AECFF5 /* BeaconTest */,
				2A25DE5A1A6E670500AECFF5 /* BeaconTestTests */,
			);
		};
/* End PBXProject section */

/* Begin PBXResourcesBuildPhase section */
		2A25DE411A6E670400AECFF5 /* Resources */ = {
			isa = PBXResourcesBuildPhase;
			buildActionMask = 2147483647;
			files = (
				2A25DE511A6E670400AECFF5 /* Main.storyboard in Resources */,
				2A25DE561A6E670400AECFF5 /* LaunchScreen.xib in Resources */,
				2A25DE531A6E670400AECFF5 /* Images.xcassets in Resources */,
			);
			runOnlyForDeploymentPostprocessing = 0;
		};
		2A25DE591A6E670500AECFF5 /* Resources */ = {
			isa = PBXResourcesBuildPhase;
			buildActionMask = 2147483647;
			files = (
			);
			runOnlyForDeploymentPostprocessing = 0;
		};
/* End PBXResourcesBuildPhase section */

/* Begin PBXSourcesBuildPhase section */
		2A25DE3F1A6E670400AECFF5 /* Sources */ = {
			isa = PBXSourcesBuildPhase;
			buildActionMask = 2147483647;
			files = (
				2A25DE4E1A6E670400AECFF5 /* HomeController.swift in Sources */,
				2A25DE491A6E670400AECFF5 /* AppDelegate.swift in Sources */,
				2A25DE701A6FB50500AECFF5 /* MonitorController.swift in Sources */,
				2A25DE4C1A6E670400AECFF5 /* BeaconTest.xcdatamodeld in Sources */,
			);
			runOnlyForDeploymentPostprocessing = 0;
		};
		2A25DE571A6E670500AECFF5 /* Sources */ = {
			isa = PBXSourcesBuildPhase;
			buildActionMask = 2147483647;
			files = (
				2A25DE621A6E670500AECFF5 /* BeaconTestTests.swift in Sources */,
			);
			runOnlyForDeploymentPostprocessing = 0;
		};
/* End PBXSourcesBuildPhase section */

/* Begin PBXTargetDependency section */
		2A25DE5D1A6E670500AECFF5 /* PBXTargetDependency */ = {
			isa = PBXTargetDependency;
			target = 2A25DE421A6E670400AECFF5 /* BeaconTest */;
			targetProxy = 2A25DE5C1A6E670500AECFF5 /* PBXContainerItemProxy */;
		};
/* End PBXTargetDependency section */

/* Begin PBXVariantGroup section */
		2A25DE4F1A6E670400AECFF5 /* Main.storyboard */ = {
			isa = PBXVariantGroup;
			children = (
				2A25DE501A6E670400AECFF5 /* Base */,
			);
			name = Main.storyboard;
			sourceTree = "<group>";
		};
		2A25DE541A6E670400AECFF5 /* LaunchScreen.xib */ = {
			isa = PBXVariantGroup;
			children = (
				2A25DE551A6E670400AECFF5 /* Base */,
			);
			name = LaunchScreen.xib;
			sourceTree = "<group>";
		};
/* End PBXVariantGroup section */

/* Begin XCBuildConfiguration section */
		2A25DE631A6E670500AECFF5 /* Debug */ = {
			isa = XCBuildConfiguration;
			buildSettings = {
				ALWAYS_SEARCH_USER_PATHS = NO;
				CLANG_CXX_LANGUAGE_STANDARD = "gnu++0x";
				CLANG_CXX_LIBRARY = "libc++";
				CLANG_ENABLE_MODULES = YES;
				CLANG_ENABLE_OBJC_ARC = YES;
				CLANG_WARN_BOOL_CONVERSION = YES;
				CLANG_WARN_CONSTANT_CONVERSION = YES;
				CLANG_WARN_DIRECT_OBJC_ISA_USAGE = YES_ERROR;
				CLANG_WARN_EMPTY_BODY = YES;
				CLANG_WARN_ENUM_CONVERSION = YES;
				CLANG_WARN_INT_CONVERSION = YES;
				CLANG_WARN_OBJC_ROOT_CLASS = YES_ERROR;
				CLANG_WARN_UNREACHABLE_CODE = YES;
				CLANG_WARN__DUPLICATE_METHOD_MATCH = YES;
				"CODE_SIGN_IDENTITY[sdk=iphoneos*]" = "iPhone Developer";
				COPY_PHASE_STRIP = NO;
				ENABLE_STRICT_OBJC_MSGSEND = YES;
				GCC_C_LANGUAGE_STANDARD = gnu99;
				GCC_DYNAMIC_NO_PIC = NO;
				GCC_OPTIMIZATION_LEVEL = 0;
				GCC_PREPROCESSOR_DEFINITIONS = (
					"DEBUG=1",
					"$(inherited)",
				);
				GCC_SYMBOLS_PRIVATE_EXTERN = NO;
				GCC_WARN_64_TO_32_BIT_CONVERSION = YES;
				GCC_WARN_ABOUT_RETURN_TYPE = YES_ERROR;
				GCC_WARN_UNDECLARED_SELECTOR = YES;
				GCC_WARN_UNINITIALIZED_AUTOS = YES_AGGRESSIVE;
				GCC_WARN_UNUSED_FUNCTION = YES;
				GCC_WARN_UNUSED_VARIABLE = YES;
				IPHONEOS_DEPLOYMENT_TARGET = 8.1;
				MTL_ENABLE_DEBUG_INFO = YES;
				ONLY_ACTIVE_ARCH = YES;
				SDKROOT = iphoneos;
				SWIFT_OPTIMIZATION_LEVEL = "-Onone";
				TARGETED_DEVICE_FAMILY = "1,2";
			};
			name = Debug;
		};
		2A25DE641A6E670500AECFF5 /* Release */ = {
			isa = XCBuildConfiguration;
			buildSettings = {
				ALWAYS_SEARCH_USER_PATHS = NO;
				CLANG_CXX_LANGUAGE_STANDARD = "gnu++0x";
				CLANG_CXX_LIBRARY = "libc++";
				CLANG_ENABLE_MODULES = YES;
				CLANG_ENABLE_OBJC_ARC = YES;
				CLANG_WARN_BOOL_CONVERSION = YES;
				CLANG_WARN_CONSTANT_CONVERSION = YES;
				CLANG_WARN_DIRECT_OBJC_ISA_USAGE = YES_ERROR;
				CLANG_WARN_EMPTY_BODY = YES;
				CLANG_WARN_ENUM_CONVERSION = YES;
				CLANG_WARN_INT_CONVERSION = YES;
				CLANG_WARN_OBJC_ROOT_CLASS = YES_ERROR;
				CLANG_WARN_UNREACHABLE_CODE = YES;
				CLANG_WARN__DUPLICATE_METHOD_MATCH = YES;
				"CODE_SIGN_IDENTITY[sdk=iphoneos*]" = "iPhone Developer";
				COPY_PHASE_STRIP = YES;
				ENABLE_NS_ASSERTIONS = NO;
				ENABLE_STRICT_OBJC_MSGSEND = YES;
				GCC_C_LANGUAGE_STANDARD = gnu99;
				GCC_WARN_64_TO_32_BIT_CONVERSION = YES;
				GCC_WARN_ABOUT_RETURN_TYPE = YES_ERROR;
				GCC_WARN_UNDECLARED_SELECTOR = YES;
				GCC_WARN_UNINITIALIZED_AUTOS = YES_AGGRESSIVE;
				GCC_WARN_UNUSED_FUNCTION = YES;
				GCC_WARN_UNUSED_VARIABLE = YES;
				IPHONEOS_DEPLOYMENT_TARGET = 8.1;
				MTL_ENABLE_DEBUG_INFO = NO;
				SDKROOT = iphoneos;
				TARGETED_DEVICE_FAMILY = "1,2";
				VALIDATE_PRODUCT = YES;
			};
			name = Release;
		};
		2A25DE661A6E670500AECFF5 /* Debug */ = {
			isa = XCBuildConfiguration;
			buildSettings = {
				ASSETCATALOG_COMPILER_APPICON_NAME = AppIcon;
				INFOPLIST_FILE = BeaconTest/Info.plist;
				LD_RUNPATH_SEARCH_PATHS = "$(inherited) @executable_path/Frameworks";
				PRODUCT_NAME = "$(TARGET_NAME)";
			};
			name = Debug;
		};
		2A25DE671A6E670500AECFF5 /* Release */ = {
			isa = XCBuildConfiguration;
			buildSettings = {
				ASSETCATALOG_COMPILER_APPICON_NAME = AppIcon;
				INFOPLIST_FILE = BeaconTest/Info.plist;
				LD_RUNPATH_SEARCH_PATHS = "$(inherited) @executable_path/Frameworks";
				PRODUCT_NAME = "$(TARGET_NAME)";
			};
			name = Release;
		};
		2A25DE691A6E670500AECFF5 /* Debug */ = {
			isa = XCBuildConfiguration;
			buildSettings = {
				BUNDLE_LOADER = "$(TEST_HOST)";
				FRAMEWORK_SEARCH_PATHS = (
					"$(SDKROOT)/Developer/Library/Frameworks",
					"$(inherited)",
				);
				GCC_PREPROCESSOR_DEFINITIONS = (
					"DEBUG=1",
					"$(inherited)",
				);
				INFOPLIST_FILE = BeaconTestTests/Info.plist;
				LD_RUNPATH_SEARCH_PATHS = "$(inherited) @executable_path/Frameworks @loader_path/Frameworks";
				PRODUCT_NAME = "$(TARGET_NAME)";
				TEST_HOST = "$(BUILT_PRODUCTS_DIR)/BeaconTest.app/BeaconTest";
			};
			name = Debug;
		};
		2A25DE6A1A6E670500AECFF5 /* Release */ = {
			isa = XCBuildConfiguration;
			buildSettings = {
				BUNDLE_LOADER = "$(TEST_HOST)";
				FRAMEWORK_SEARCH_PATHS = (
					"$(SDKROOT)/Developer/Library/Frameworks",
					"$(inherited)",
				);
				INFOPLIST_FILE = BeaconTestTests/Info.plist;
				LD_RUNPATH_SEARCH_PATHS = "$(inherited) @executable_path/Frameworks @loader_path/Frameworks";
				PRODUCT_NAME = "$(TARGET_NAME)";
				TEST_HOST = "$(BUILT_PRODUCTS_DIR)/BeaconTest.app/BeaconTest";
			};
			name = Release;
		};
/* End XCBuildConfiguration section */

/* Begin XCConfigurationList section */
		2A25DE3E1A6E670400AECFF5 /* Build configuration list for PBXProject "BeaconTest" */ = {
			isa = XCConfigurationList;
			buildConfigurations = (
				2A25DE631A6E670500AECFF5 /* Debug */,
				2A25DE641A6E670500AECFF5 /* Release */,
			);
			defaultConfigurationIsVisible = 0;
			defaultConfigurationName = Release;
		};
		2A25DE651A6E670500AECFF5 /* Build configuration list for PBXNativeTarget "BeaconTest" */ = {
			isa = XCConfigurationList;
			buildConfigurations = (
				2A25DE661A6E670500AECFF5 /* Debug */,
				2A25DE671A6E670500AECFF5 /* Release */,
			);
			defaultConfigurationIsVisible = 0;
			defaultConfigurationName = Release;
		};
		2A25DE681A6E670500AECFF5 /* Build configuration list for PBXNativeTarget "BeaconTestTests" */ = {
			isa = XCConfigurationList;
			buildConfigurations = (
				2A25DE691A6E670500AECFF5 /* Debug */,
				2A25DE6A1A6E670500AECFF5 /* Release */,
			);
			defaultConfigurationIsVisible = 0;
			defaultConfigurationName = Release;
		};
/* End XCConfigurationList section */

/* Begin XCVersionGroup section */
		2A25DE4A1A6E670400AECFF5 /* BeaconTest.xcdatamodeld */ = {
			isa = XCVersionGroup;
			children = (
				2A25DE4B1A6E670400AECFF5 /* BeaconTest.xcdatamodel */,
			);
			currentVersion = 2A25DE4B1A6E670400AECFF5 /* BeaconTest.xcdatamodel */;
			path = BeaconTest.xcdatamodeld;
			sourceTree = "<group>";
			versionGroupType = wrapper.xcdatamodel;
		};
/* End XCVersionGroup section */
	};
	rootObject = 2A25DE3B1A6E670400AECFF5 /* Project object */;
}
